// !$*UTF8*$!
{
	archiveVersion = 1;
	classes = {
	};
	objectVersion = 50;
	objects = {

/* Begin PBXBuildFile section */
		5828B7B220F47B84005A736E /* AppDelegate.swift in Sources */ = {isa = PBXBuildFile; fileRef = 5828B7B120F47B84005A736E /* AppDelegate.swift */; };
		5828B7BA20F47B84005A736E /* wwg.xcdatamodeld in Sources */ = {isa = PBXBuildFile; fileRef = 5828B7B820F47B84005A736E /* wwg.xcdatamodeld */; };
		5828B7BC20F47B85005A736E /* Assets.xcassets in Resources */ = {isa = PBXBuildFile; fileRef = 5828B7BB20F47B85005A736E /* Assets.xcassets */; };
		5828B7BF20F47B85005A736E /* LaunchScreen.storyboard in Resources */ = {isa = PBXBuildFile; fileRef = 5828B7BD20F47B85005A736E /* LaunchScreen.storyboard */; };
		5828B7CA20F49FCF005A736E /* PTRootViewController.swift in Sources */ = {isa = PBXBuildFile; fileRef = 5828B7C820F49FCF005A736E /* PTRootViewController.swift */; };
		5828B7CB20F49FCF005A736E /* PTRootViewController.xib in Resources */ = {isa = PBXBuildFile; fileRef = 5828B7C920F49FCF005A736E /* PTRootViewController.xib */; };
		5828B7FC20F4AB71005A736E /* PTAnimation.swift in Sources */ = {isa = PBXBuildFile; fileRef = 5828B7CE20F4AB70005A736E /* PTAnimation.swift */; };
		5828B7FD20F4AB71005A736E /* PTDeviceInfo.swift in Sources */ = {isa = PBXBuildFile; fileRef = 5828B7CF20F4AB70005A736E /* PTDeviceInfo.swift */; };
		5828B7FE20F4AB71005A736E /* PTUtility.swift in Sources */ = {isa = PBXBuildFile; fileRef = 5828B7D020F4AB70005A736E /* PTUtility.swift */; };
		5828B7FF20F4AB71005A736E /* PTGeometry.swift in Sources */ = {isa = PBXBuildFile; fileRef = 5828B7D120F4AB70005A736E /* PTGeometry.swift */; };
		5828B80020F4AB71005A736E /* PTXibView.swift in Sources */ = {isa = PBXBuildFile; fileRef = 5828B7D220F4AB70005A736E /* PTXibView.swift */; };
		5828B80120F4AB71005A736E /* PTColor.swift in Sources */ = {isa = PBXBuildFile; fileRef = 5828B7D320F4AB70005A736E /* PTColor.swift */; };
		5828B80220F4AB71005A736E /* PTLoginObjects.swift in Sources */ = {isa = PBXBuildFile; fileRef = 5828B7D420F4AB70005A736E /* PTLoginObjects.swift */; };
		5828B80320F4AB71005A736E /* PTPopupViewManager.swift in Sources */ = {isa = PBXBuildFile; fileRef = 5828B7D620F4AB70005A736E /* PTPopupViewManager.swift */; };
		5828B80420F4AB71005A736E /* PTPopupViewController.swift in Sources */ = {isa = PBXBuildFile; fileRef = 5828B7D720F4AB70005A736E /* PTPopupViewController.swift */; };
		5828B80520F4AB71005A736E /* PTPopupViewController.xib in Resources */ = {isa = PBXBuildFile; fileRef = 5828B7D820F4AB70005A736E /* PTPopupViewController.xib */; };
		5828B80620F4AB71005A736E /* PTPlacePopupView.swift in Sources */ = {isa = PBXBuildFile; fileRef = 5828B7DA20F4AB70005A736E /* PTPlacePopupView.swift */; };
		5828B80720F4AB71005A736E /* PTPlacePopupView.xib in Resources */ = {isa = PBXBuildFile; fileRef = 5828B7DB20F4AB70005A736E /* PTPlacePopupView.xib */; };
		5828B80820F4AB71005A736E /* PTSessionManager.swift in Sources */ = {isa = PBXBuildFile; fileRef = 5828B7DD20F4AB70005A736E /* PTSessionManager.swift */; };
		5828B80920F4AB71005A736E /* PTApiRequest.swift in Sources */ = {isa = PBXBuildFile; fileRef = 5828B7DE20F4AB70005A736E /* PTApiRequest.swift */; };
		5828B80A20F4AB71005A736E /* PTApiResponse.swift in Sources */ = {isa = PBXBuildFile; fileRef = 5828B7DF20F4AB70005A736E /* PTApiResponse.swift */; };
		5828B80B20F4AB71005A736E /* PTWebDownloader.swift in Sources */ = {isa = PBXBuildFile; fileRef = 5828B7E020F4AB70005A736E /* PTWebDownloader.swift */; };
		5828B80C20F4AB71005A736E /* PTApiObserver.swift in Sources */ = {isa = PBXBuildFile; fileRef = 5828B7E120F4AB70005A736E /* PTApiObserver.swift */; };
		5828B80D20F4AB71005A736E /* PTWebRequest.swift in Sources */ = {isa = PBXBuildFile; fileRef = 5828B7E220F4AB70005A736E /* PTWebRequest.swift */; };
		5828B80E20F4AB71005A736E /* PTRecommendViewController.xib in Resources */ = {isa = PBXBuildFile; fileRef = 5828B7E620F4AB70005A736E /* PTRecommendViewController.xib */; };
		5828B80F20F4AB71005A736E /* PTSettingViewController.swift in Sources */ = {isa = PBXBuildFile; fileRef = 5828B7E720F4AB70005A736E /* PTSettingViewController.swift */; };
		5828B81020F4AB71005A736E /* PTFeedViewController.swift in Sources */ = {isa = PBXBuildFile; fileRef = 5828B7E820F4AB70005A736E /* PTFeedViewController.swift */; };
		5828B81120F4AB71005A736E /* PTRecommendViewController.swift in Sources */ = {isa = PBXBuildFile; fileRef = 5828B7E920F4AB70005A736E /* PTRecommendViewController.swift */; };
		5828B81220F4AB71005A736E /* PTSettingViewController.xib in Resources */ = {isa = PBXBuildFile; fileRef = 5828B7EA20F4AB70005A736E /* PTSettingViewController.xib */; };
		5828B81320F4AB71005A736E /* PTFeedViewController.xib in Resources */ = {isa = PBXBuildFile; fileRef = 5828B7EB20F4AB70005A736E /* PTFeedViewController.xib */; };
		5828B81420F4AB71005A736E /* PTKakaoLocationSearchViewController.xib in Resources */ = {isa = PBXBuildFile; fileRef = 5828B7EC20F4AB70005A736E /* PTKakaoLocationSearchViewController.xib */; };
		5828B81520F4AB71005A736E /* PTKakaoLocationSearchViewController.swift in Sources */ = {isa = PBXBuildFile; fileRef = 5828B7ED20F4AB70005A736E /* PTKakaoLocationSearchViewController.swift */; };
		5828B81620F4AB71005A736E /* PTModel.swift in Sources */ = {isa = PBXBuildFile; fileRef = 5828B7EF20F4AB70005A736E /* PTModel.swift */; };
		5828B81720F4AB71005A736E /* PTPOItem.swift in Sources */ = {isa = PBXBuildFile; fileRef = 5828B7F020F4AB70005A736E /* PTPOItem.swift */; };
		5828B81820F4AB71005A736E /* PTPlace.swift in Sources */ = {isa = PBXBuildFile; fileRef = 5828B7F120F4AB70005A736E /* PTPlace.swift */; };
		5828B81920F4AB71005A736E /* PTUser.swift in Sources */ = {isa = PBXBuildFile; fileRef = 5828B7F220F4AB70005A736E /* PTUser.swift */; };
		5828B81A20F4AB71005A736E /* PTAuthManager.swift in Sources */ = {isa = PBXBuildFile; fileRef = 5828B7F420F4AB71005A736E /* PTAuthManager.swift */; };
		5828B81B20F4AB71005A736E /* PTLocationManager.swift in Sources */ = {isa = PBXBuildFile; fileRef = 5828B7F520F4AB71005A736E /* PTLocationManager.swift */; };
		5828B81C20F4AB71005A736E /* PTCoredataManager.swift in Sources */ = {isa = PBXBuildFile; fileRef = 5828B7F620F4AB71005A736E /* PTCoredataManager.swift */; };
		5828B81D20F4AB71005A736E /* PTUserManager.swift in Sources */ = {isa = PBXBuildFile; fileRef = 5828B7F720F4AB71005A736E /* PTUserManager.swift */; };
		5828B81E20F4AB71005A736E /* PTDBManager.swift in Sources */ = {isa = PBXBuildFile; fileRef = 5828B7F820F4AB71005A736E /* PTDBManager.swift */; };
		5828B81F20F4AB71005A736E /* PTNetworkManager.swift in Sources */ = {isa = PBXBuildFile; fileRef = 5828B7F920F4AB71005A736E /* PTNetworkManager.swift */; };
		5828B82020F4AB71005A736E /* PTKeychainManager.swift in Sources */ = {isa = PBXBuildFile; fileRef = 5828B7FA20F4AB71005A736E /* PTKeychainManager.swift */; };
		5828B82120F4AB71005A736E /* PTLoginManager.swift in Sources */ = {isa = PBXBuildFile; fileRef = 5828B7FB20F4AB71005A736E /* PTLoginManager.swift */; };
		5828B82620F4AB7B005A736E /* PTMainViewController.swift in Sources */ = {isa = PBXBuildFile; fileRef = 5828B82220F4AB7A005A736E /* PTMainViewController.swift */; };
		5828B82720F4AB7B005A736E /* PTLoginViewController.swift in Sources */ = {isa = PBXBuildFile; fileRef = 5828B82320F4AB7A005A736E /* PTLoginViewController.swift */; };
		5828B82820F4AB7B005A736E /* PTMainViewController.xib in Resources */ = {isa = PBXBuildFile; fileRef = 5828B82420F4AB7B005A736E /* PTMainViewController.xib */; };
		5828B82920F4AB7B005A736E /* PTLoginViewController.xib in Resources */ = {isa = PBXBuildFile; fileRef = 5828B82520F4AB7B005A736E /* PTLoginViewController.xib */; };
		5828B82E20F4AD0E005A736E /* KakaoOpenSDK.framework in Frameworks */ = {isa = PBXBuildFile; fileRef = 5828B82D20F4AD0D005A736E /* KakaoOpenSDK.framework */; };
		5828B83020F4ADCD005A736E /* MapKit.framework in Frameworks */ = {isa = PBXBuildFile; fileRef = 5828B82F20F4ADCD005A736E /* MapKit.framework */; };
		93C848BCDBF49AB695714168 /* Pods_wwg.framework in Frameworks */ = {isa = PBXBuildFile; fileRef = 5F88835DA371B13EC3C4E40C /* Pods_wwg.framework */; };
/* End PBXBuildFile section */

/* Begin PBXFileReference section */
		1880AB18C62CAB700180F221 /* Pods-wwg.release.xcconfig */ = {isa = PBXFileReference; includeInIndex = 1; lastKnownFileType = text.xcconfig; name = "Pods-wwg.release.xcconfig"; path = "Pods/Target Support Files/Pods-wwg/Pods-wwg.release.xcconfig"; sourceTree = "<group>"; };
		5828B7AE20F47B84005A736E /* wwg.app */ = {isa = PBXFileReference; explicitFileType = wrapper.application; includeInIndex = 0; path = wwg.app; sourceTree = BUILT_PRODUCTS_DIR; };
		5828B7B120F47B84005A736E /* AppDelegate.swift */ = {isa = PBXFileReference; lastKnownFileType = sourcecode.swift; path = AppDelegate.swift; sourceTree = "<group>"; };
		5828B7B920F47B84005A736E /* wwg.xcdatamodel */ = {isa = PBXFileReference; lastKnownFileType = wrapper.xcdatamodel; path = wwg.xcdatamodel; sourceTree = "<group>"; };
		5828B7BB20F47B85005A736E /* Assets.xcassets */ = {isa = PBXFileReference; lastKnownFileType = folder.assetcatalog; path = Assets.xcassets; sourceTree = "<group>"; };
		5828B7BE20F47B85005A736E /* Base */ = {isa = PBXFileReference; lastKnownFileType = file.storyboard; name = Base; path = Base.lproj/LaunchScreen.storyboard; sourceTree = "<group>"; };
		5828B7C020F47B85005A736E /* Info.plist */ = {isa = PBXFileReference; lastKnownFileType = text.plist.xml; path = Info.plist; sourceTree = "<group>"; };
		5828B7C820F49FCF005A736E /* PTRootViewController.swift */ = {isa = PBXFileReference; lastKnownFileType = sourcecode.swift; path = PTRootViewController.swift; sourceTree = "<group>"; };
		5828B7C920F49FCF005A736E /* PTRootViewController.xib */ = {isa = PBXFileReference; lastKnownFileType = file.xib; path = PTRootViewController.xib; sourceTree = "<group>"; };
		5828B7CE20F4AB70005A736E /* PTAnimation.swift */ = {isa = PBXFileReference; fileEncoding = 4; lastKnownFileType = sourcecode.swift; path = PTAnimation.swift; sourceTree = "<group>"; };
		5828B7CF20F4AB70005A736E /* PTDeviceInfo.swift */ = {isa = PBXFileReference; fileEncoding = 4; lastKnownFileType = sourcecode.swift; path = PTDeviceInfo.swift; sourceTree = "<group>"; };
		5828B7D020F4AB70005A736E /* PTUtility.swift */ = {isa = PBXFileReference; fileEncoding = 4; lastKnownFileType = sourcecode.swift; path = PTUtility.swift; sourceTree = "<group>"; };
		5828B7D120F4AB70005A736E /* PTGeometry.swift */ = {isa = PBXFileReference; fileEncoding = 4; lastKnownFileType = sourcecode.swift; path = PTGeometry.swift; sourceTree = "<group>"; };
		5828B7D220F4AB70005A736E /* PTXibView.swift */ = {isa = PBXFileReference; fileEncoding = 4; lastKnownFileType = sourcecode.swift; path = PTXibView.swift; sourceTree = "<group>"; };
		5828B7D320F4AB70005A736E /* PTColor.swift */ = {isa = PBXFileReference; fileEncoding = 4; lastKnownFileType = sourcecode.swift; path = PTColor.swift; sourceTree = "<group>"; };
		5828B7D420F4AB70005A736E /* PTLoginObjects.swift */ = {isa = PBXFileReference; fileEncoding = 4; lastKnownFileType = sourcecode.swift; path = PTLoginObjects.swift; sourceTree = "<group>"; };
		5828B7D620F4AB70005A736E /* PTPopupViewManager.swift */ = {isa = PBXFileReference; fileEncoding = 4; lastKnownFileType = sourcecode.swift; path = PTPopupViewManager.swift; sourceTree = "<group>"; };
		5828B7D720F4AB70005A736E /* PTPopupViewController.swift */ = {isa = PBXFileReference; fileEncoding = 4; lastKnownFileType = sourcecode.swift; path = PTPopupViewController.swift; sourceTree = "<group>"; };
		5828B7D820F4AB70005A736E /* PTPopupViewController.xib */ = {isa = PBXFileReference; fileEncoding = 4; lastKnownFileType = file.xib; path = PTPopupViewController.xib; sourceTree = "<group>"; };
		5828B7DA20F4AB70005A736E /* PTPlacePopupView.swift */ = {isa = PBXFileReference; fileEncoding = 4; lastKnownFileType = sourcecode.swift; path = PTPlacePopupView.swift; sourceTree = "<group>"; };
		5828B7DB20F4AB70005A736E /* PTPlacePopupView.xib */ = {isa = PBXFileReference; fileEncoding = 4; lastKnownFileType = file.xib; path = PTPlacePopupView.xib; sourceTree = "<group>"; };
		5828B7DD20F4AB70005A736E /* PTSessionManager.swift */ = {isa = PBXFileReference; fileEncoding = 4; lastKnownFileType = sourcecode.swift; path = PTSessionManager.swift; sourceTree = "<group>"; };
		5828B7DE20F4AB70005A736E /* PTApiRequest.swift */ = {isa = PBXFileReference; fileEncoding = 4; lastKnownFileType = sourcecode.swift; path = PTApiRequest.swift; sourceTree = "<group>"; };
		5828B7DF20F4AB70005A736E /* PTApiResponse.swift */ = {isa = PBXFileReference; fileEncoding = 4; lastKnownFileType = sourcecode.swift; path = PTApiResponse.swift; sourceTree = "<group>"; };
		5828B7E020F4AB70005A736E /* PTWebDownloader.swift */ = {isa = PBXFileReference; fileEncoding = 4; lastKnownFileType = sourcecode.swift; path = PTWebDownloader.swift; sourceTree = "<group>"; };
		5828B7E120F4AB70005A736E /* PTApiObserver.swift */ = {isa = PBXFileReference; fileEncoding = 4; lastKnownFileType = sourcecode.swift; path = PTApiObserver.swift; sourceTree = "<group>"; };
		5828B7E220F4AB70005A736E /* PTWebRequest.swift */ = {isa = PBXFileReference; fileEncoding = 4; lastKnownFileType = sourcecode.swift; path = PTWebRequest.swift; sourceTree = "<group>"; };
		5828B7E620F4AB70005A736E /* PTRecommendViewController.xib */ = {isa = PBXFileReference; fileEncoding = 4; lastKnownFileType = file.xib; path = PTRecommendViewController.xib; sourceTree = "<group>"; };
		5828B7E720F4AB70005A736E /* PTSettingViewController.swift */ = {isa = PBXFileReference; fileEncoding = 4; lastKnownFileType = sourcecode.swift; path = PTSettingViewController.swift; sourceTree = "<group>"; };
		5828B7E820F4AB70005A736E /* PTFeedViewController.swift */ = {isa = PBXFileReference; fileEncoding = 4; lastKnownFileType = sourcecode.swift; path = PTFeedViewController.swift; sourceTree = "<group>"; };
		5828B7E920F4AB70005A736E /* PTRecommendViewController.swift */ = {isa = PBXFileReference; fileEncoding = 4; lastKnownFileType = sourcecode.swift; path = PTRecommendViewController.swift; sourceTree = "<group>"; };
		5828B7EA20F4AB70005A736E /* PTSettingViewController.xib */ = {isa = PBXFileReference; fileEncoding = 4; lastKnownFileType = file.xib; path = PTSettingViewController.xib; sourceTree = "<group>"; };
		5828B7EB20F4AB70005A736E /* PTFeedViewController.xib */ = {isa = PBXFileReference; fileEncoding = 4; lastKnownFileType = file.xib; path = PTFeedViewController.xib; sourceTree = "<group>"; };
		5828B7EC20F4AB70005A736E /* PTKakaoLocationSearchViewController.xib */ = {isa = PBXFileReference; fileEncoding = 4; lastKnownFileType = file.xib; path = PTKakaoLocationSearchViewController.xib; sourceTree = "<group>"; };
		5828B7ED20F4AB70005A736E /* PTKakaoLocationSearchViewController.swift */ = {isa = PBXFileReference; fileEncoding = 4; lastKnownFileType = sourcecode.swift; path = PTKakaoLocationSearchViewController.swift; sourceTree = "<group>"; };
		5828B7EF20F4AB70005A736E /* PTModel.swift */ = {isa = PBXFileReference; fileEncoding = 4; lastKnownFileType = sourcecode.swift; path = PTModel.swift; sourceTree = "<group>"; };
		5828B7F020F4AB70005A736E /* PTPOItem.swift */ = {isa = PBXFileReference; fileEncoding = 4; lastKnownFileType = sourcecode.swift; path = PTPOItem.swift; sourceTree = "<group>"; };
		5828B7F120F4AB70005A736E /* PTPlace.swift */ = {isa = PBXFileReference; fileEncoding = 4; lastKnownFileType = sourcecode.swift; path = PTPlace.swift; sourceTree = "<group>"; };
		5828B7F220F4AB70005A736E /* PTUser.swift */ = {isa = PBXFileReference; fileEncoding = 4; lastKnownFileType = sourcecode.swift; path = PTUser.swift; sourceTree = "<group>"; };
		5828B7F420F4AB71005A736E /* PTAuthManager.swift */ = {isa = PBXFileReference; fileEncoding = 4; lastKnownFileType = sourcecode.swift; path = PTAuthManager.swift; sourceTree = "<group>"; };
		5828B7F520F4AB71005A736E /* PTLocationManager.swift */ = {isa = PBXFileReference; fileEncoding = 4; lastKnownFileType = sourcecode.swift; path = PTLocationManager.swift; sourceTree = "<group>"; };
		5828B7F620F4AB71005A736E /* PTCoredataManager.swift */ = {isa = PBXFileReference; fileEncoding = 4; lastKnownFileType = sourcecode.swift; path = PTCoredataManager.swift; sourceTree = "<group>"; };
		5828B7F720F4AB71005A736E /* PTUserManager.swift */ = {isa = PBXFileReference; fileEncoding = 4; lastKnownFileType = sourcecode.swift; path = PTUserManager.swift; sourceTree = "<group>"; };
		5828B7F820F4AB71005A736E /* PTDBManager.swift */ = {isa = PBXFileReference; fileEncoding = 4; lastKnownFileType = sourcecode.swift; path = PTDBManager.swift; sourceTree = "<group>"; };
		5828B7F920F4AB71005A736E /* PTNetworkManager.swift */ = {isa = PBXFileReference; fileEncoding = 4; lastKnownFileType = sourcecode.swift; path = PTNetworkManager.swift; sourceTree = "<group>"; };
		5828B7FA20F4AB71005A736E /* PTKeychainManager.swift */ = {isa = PBXFileReference; fileEncoding = 4; lastKnownFileType = sourcecode.swift; path = PTKeychainManager.swift; sourceTree = "<group>"; };
		5828B7FB20F4AB71005A736E /* PTLoginManager.swift */ = {isa = PBXFileReference; fileEncoding = 4; lastKnownFileType = sourcecode.swift; path = PTLoginManager.swift; sourceTree = "<group>"; };
		5828B82220F4AB7A005A736E /* PTMainViewController.swift */ = {isa = PBXFileReference; fileEncoding = 4; lastKnownFileType = sourcecode.swift; path = PTMainViewController.swift; sourceTree = "<group>"; };
		5828B82320F4AB7A005A736E /* PTLoginViewController.swift */ = {isa = PBXFileReference; fileEncoding = 4; lastKnownFileType = sourcecode.swift; path = PTLoginViewController.swift; sourceTree = "<group>"; };
		5828B82420F4AB7B005A736E /* PTMainViewController.xib */ = {isa = PBXFileReference; fileEncoding = 4; lastKnownFileType = file.xib; path = PTMainViewController.xib; sourceTree = "<group>"; };
		5828B82520F4AB7B005A736E /* PTLoginViewController.xib */ = {isa = PBXFileReference; fileEncoding = 4; lastKnownFileType = file.xib; path = PTLoginViewController.xib; sourceTree = "<group>"; };
		5828B82A20F4ABA6005A736E /* wwg-Bridging-Header.h */ = {isa = PBXFileReference; lastKnownFileType = sourcecode.c.h; path = "wwg-Bridging-Header.h"; sourceTree = "<group>"; };
		5828B82D20F4AD0D005A736E /* KakaoOpenSDK.framework */ = {isa = PBXFileReference; lastKnownFileType = wrapper.framework; name = KakaoOpenSDK.framework; path = wwg/Frameworks/KakaoOpenSDK.framework; sourceTree = "<group>"; };
		5828B82F20F4ADCD005A736E /* MapKit.framework */ = {isa = PBXFileReference; lastKnownFileType = wrapper.framework; name = MapKit.framework; path = System/Library/Frameworks/MapKit.framework; sourceTree = SDKROOT; };
		5F88835DA371B13EC3C4E40C /* Pods_wwg.framework */ = {isa = PBXFileReference; explicitFileType = wrapper.framework; includeInIndex = 0; path = Pods_wwg.framework; sourceTree = BUILT_PRODUCTS_DIR; };
		FC4D8100739B686C8E34D390 /* Pods-wwg.debug.xcconfig */ = {isa = PBXFileReference; includeInIndex = 1; lastKnownFileType = text.xcconfig; name = "Pods-wwg.debug.xcconfig"; path = "Pods/Target Support Files/Pods-wwg/Pods-wwg.debug.xcconfig"; sourceTree = "<group>"; };
/* End PBXFileReference section */

/* Begin PBXFrameworksBuildPhase section */
		5828B7AB20F47B84005A736E /* Frameworks */ = {
			isa = PBXFrameworksBuildPhase;
			buildActionMask = 2147483647;
			files = (
				5828B83020F4ADCD005A736E /* MapKit.framework in Frameworks */,
				93C848BCDBF49AB695714168 /* Pods_wwg.framework in Frameworks */,
				5828B82E20F4AD0E005A736E /* KakaoOpenSDK.framework in Frameworks */,
			);
			runOnlyForDeploymentPostprocessing = 0;
		};
/* End PBXFrameworksBuildPhase section */

/* Begin PBXGroup section */
		3B3DA9F15B6BE10B45272159 /* Frameworks */ = {
			isa = PBXGroup;
			children = (
				5828B82F20F4ADCD005A736E /* MapKit.framework */,
				5828B82D20F4AD0D005A736E /* KakaoOpenSDK.framework */,
				5F88835DA371B13EC3C4E40C /* Pods_wwg.framework */,
			);
			name = Frameworks;
			sourceTree = "<group>";
		};
		41C67595AA6635D590AD139A /* Pods */ = {
			isa = PBXGroup;
			children = (
				FC4D8100739B686C8E34D390 /* Pods-wwg.debug.xcconfig */,
				1880AB18C62CAB700180F221 /* Pods-wwg.release.xcconfig */,
			);
			name = Pods;
			sourceTree = "<group>";
		};
		5828B7A520F47B84005A736E = {
			isa = PBXGroup;
			children = (
				5828B7B020F47B84005A736E /* wwg */,
				5828B7AF20F47B84005A736E /* Products */,
				41C67595AA6635D590AD139A /* Pods */,
				3B3DA9F15B6BE10B45272159 /* Frameworks */,
			);
			sourceTree = "<group>";
		};
		5828B7AF20F47B84005A736E /* Products */ = {
			isa = PBXGroup;
			children = (
				5828B7AE20F47B84005A736E /* wwg.app */,
			);
			name = Products;
			sourceTree = "<group>";
		};
		5828B7B020F47B84005A736E /* wwg */ = {
			isa = PBXGroup;
			children = (
				5828B7C620F49FBB005A736E /* Source */,
				5828B7BB20F47B85005A736E /* Assets.xcassets */,
				5828B7BD20F47B85005A736E /* LaunchScreen.storyboard */,
				5828B7C020F47B85005A736E /* Info.plist */,
				5828B7B820F47B84005A736E /* wwg.xcdatamodeld */,
				5828B82A20F4ABA6005A736E /* wwg-Bridging-Header.h */,
			);
			path = wwg;
			sourceTree = "<group>";
		};
		5828B7C620F49FBB005A736E /* Source */ = {
			isa = PBXGroup;
			children = (
				5828B7B120F47B84005A736E /* AppDelegate.swift */,
				5828B7E420F4AB70005A736E /* ApiResponseModel */,
				5828B7E520F4AB70005A736E /* MainTabViewController */,
				5828B7F320F4AB71005A736E /* Managers */,
				5828B7EE20F4AB70005A736E /* Models */,
				5828B7DC20F4AB70005A736E /* Network */,
				5828B7D520F4AB70005A736E /* Popups */,
				5828B7CD20F4AB70005A736E /* Utility */,
				5828B7E320F4AB70005A736E /* ViewControllers */,
				5828B7CC20F4AB70005A736E /* Views */,
				5828B7C720F49FBB005A736E /* RootViewController */,
			);
			path = Source;
			sourceTree = "<group>";
		};
		5828B7C720F49FBB005A736E /* RootViewController */ = {
			isa = PBXGroup;
			children = (
				5828B7C820F49FCF005A736E /* PTRootViewController.swift */,
				5828B7C920F49FCF005A736E /* PTRootViewController.xib */,
				5828B82320F4AB7A005A736E /* PTLoginViewController.swift */,
				5828B82520F4AB7B005A736E /* PTLoginViewController.xib */,
				5828B82220F4AB7A005A736E /* PTMainViewController.swift */,
				5828B82420F4AB7B005A736E /* PTMainViewController.xib */,
			);
			path = RootViewController;
			sourceTree = "<group>";
		};
		5828B7CC20F4AB70005A736E /* Views */ = {
			isa = PBXGroup;
			children = (
			);
			path = Views;
			sourceTree = "<group>";
		};
		5828B7CD20F4AB70005A736E /* Utility */ = {
			isa = PBXGroup;
			children = (
				5828B7CE20F4AB70005A736E /* PTAnimation.swift */,
				5828B7CF20F4AB70005A736E /* PTDeviceInfo.swift */,
				5828B7D020F4AB70005A736E /* PTUtility.swift */,
				5828B7D120F4AB70005A736E /* PTGeometry.swift */,
				5828B7D220F4AB70005A736E /* PTXibView.swift */,
				5828B7D320F4AB70005A736E /* PTColor.swift */,
				5828B7D420F4AB70005A736E /* PTLoginObjects.swift */,
			);
			path = Utility;
			sourceTree = "<group>";
		};
		5828B7D520F4AB70005A736E /* Popups */ = {
			isa = PBXGroup;
			children = (
				5828B7D620F4AB70005A736E /* PTPopupViewManager.swift */,
				5828B7D720F4AB70005A736E /* PTPopupViewController.swift */,
				5828B7D820F4AB70005A736E /* PTPopupViewController.xib */,
				5828B7D920F4AB70005A736E /* Views */,
			);
			path = Popups;
			sourceTree = "<group>";
		};
		5828B7D920F4AB70005A736E /* Views */ = {
			isa = PBXGroup;
			children = (
				5828B7DA20F4AB70005A736E /* PTPlacePopupView.swift */,
				5828B7DB20F4AB70005A736E /* PTPlacePopupView.xib */,
			);
			path = Views;
			sourceTree = "<group>";
		};
		5828B7DC20F4AB70005A736E /* Network */ = {
			isa = PBXGroup;
			children = (
				5828B7DD20F4AB70005A736E /* PTSessionManager.swift */,
				5828B7DE20F4AB70005A736E /* PTApiRequest.swift */,
				5828B7DF20F4AB70005A736E /* PTApiResponse.swift */,
				5828B7E020F4AB70005A736E /* PTWebDownloader.swift */,
				5828B7E120F4AB70005A736E /* PTApiObserver.swift */,
				5828B7E220F4AB70005A736E /* PTWebRequest.swift */,
			);
			path = Network;
			sourceTree = "<group>";
		};
		5828B7E320F4AB70005A736E /* ViewControllers */ = {
			isa = PBXGroup;
			children = (
			);
			path = ViewControllers;
			sourceTree = "<group>";
		};
		5828B7E420F4AB70005A736E /* ApiResponseModel */ = {
			isa = PBXGroup;
			children = (
			);
			path = ApiResponseModel;
			sourceTree = "<group>";
		};
		5828B7E520F4AB70005A736E /* MainTabViewController */ = {
			isa = PBXGroup;
			children = (
				5828B7E620F4AB70005A736E /* PTRecommendViewController.xib */,
				5828B7E720F4AB70005A736E /* PTSettingViewController.swift */,
				5828B7E820F4AB70005A736E /* PTFeedViewController.swift */,
				5828B7E920F4AB70005A736E /* PTRecommendViewController.swift */,
				5828B7EA20F4AB70005A736E /* PTSettingViewController.xib */,
				5828B7EB20F4AB70005A736E /* PTFeedViewController.xib */,
				5828B7EC20F4AB70005A736E /* PTKakaoLocationSearchViewController.xib */,
				5828B7ED20F4AB70005A736E /* PTKakaoLocationSearchViewController.swift */,
			);
			path = MainTabViewController;
			sourceTree = "<group>";
		};
		5828B7EE20F4AB70005A736E /* Models */ = {
			isa = PBXGroup;
			children = (
				5828B7EF20F4AB70005A736E /* PTModel.swift */,
				5828B7F020F4AB70005A736E /* PTPOItem.swift */,
				5828B7F120F4AB70005A736E /* PTPlace.swift */,
				5828B7F220F4AB70005A736E /* PTUser.swift */,
			);
			path = Models;
			sourceTree = "<group>";
		};
		5828B7F320F4AB71005A736E /* Managers */ = {
			isa = PBXGroup;
			children = (
				5828B7F420F4AB71005A736E /* PTAuthManager.swift */,
				5828B7F520F4AB71005A736E /* PTLocationManager.swift */,
				5828B7F620F4AB71005A736E /* PTCoredataManager.swift */,
				5828B7F720F4AB71005A736E /* PTUserManager.swift */,
				5828B7F820F4AB71005A736E /* PTDBManager.swift */,
				5828B7F920F4AB71005A736E /* PTNetworkManager.swift */,
				5828B7FA20F4AB71005A736E /* PTKeychainManager.swift */,
				5828B7FB20F4AB71005A736E /* PTLoginManager.swift */,
			);
			path = Managers;
			sourceTree = "<group>";
		};
/* End PBXGroup section */

/* Begin PBXNativeTarget section */
		5828B7AD20F47B84005A736E /* wwg */ = {
			isa = PBXNativeTarget;
			buildConfigurationList = 5828B7C320F47B85005A736E /* Build configuration list for PBXNativeTarget "wwg" */;
			buildPhases = (
				60CCE4594AFEA0E58ABEFC50 /* [CP] Check Pods Manifest.lock */,
				5828B7AA20F47B84005A736E /* Sources */,
				5828B7AB20F47B84005A736E /* Frameworks */,
				5828B7AC20F47B84005A736E /* Resources */,
				DF03CCECEED3EC25F99AB5C3 /* [CP] Embed Pods Frameworks */,
				662B19F4CB4D67AE32EDB8A6 /* [CP] Copy Pods Resources */,
			);
			buildRules = (
			);
			dependencies = (
			);
			name = wwg;
			productName = wwg;
			productReference = 5828B7AE20F47B84005A736E /* wwg.app */;
			productType = "com.apple.product-type.application";
		};
/* End PBXNativeTarget section */

/* Begin PBXProject section */
		5828B7A620F47B84005A736E /* Project object */ = {
			isa = PBXProject;
			attributes = {
				LastSwiftUpdateCheck = 0940;
				LastUpgradeCheck = 0940;
				ORGANIZATIONNAME = dewey;
				TargetAttributes = {
					5828B7AD20F47B84005A736E = {
						CreatedOnToolsVersion = 9.4.1;
						LastSwiftMigration = 0940;
					};
				};
			};
			buildConfigurationList = 5828B7A920F47B84005A736E /* Build configuration list for PBXProject "wwg" */;
			compatibilityVersion = "Xcode 9.3";
			developmentRegion = en;
			hasScannedForEncodings = 0;
			knownRegions = (
				en,
				Base,
			);
			mainGroup = 5828B7A520F47B84005A736E;
			productRefGroup = 5828B7AF20F47B84005A736E /* Products */;
			projectDirPath = "";
			projectRoot = "";
			targets = (
				5828B7AD20F47B84005A736E /* wwg */,
			);
		};
/* End PBXProject section */

/* Begin PBXResourcesBuildPhase section */
		5828B7AC20F47B84005A736E /* Resources */ = {
			isa = PBXResourcesBuildPhase;
			buildActionMask = 2147483647;
			files = (
				5828B82920F4AB7B005A736E /* PTLoginViewController.xib in Resources */,
				5828B81320F4AB71005A736E /* PTFeedViewController.xib in Resources */,
				5828B7BF20F47B85005A736E /* LaunchScreen.storyboard in Resources */,
				5828B80520F4AB71005A736E /* PTPopupViewController.xib in Resources */,
				5828B7BC20F47B85005A736E /* Assets.xcassets in Resources */,
				5828B81220F4AB71005A736E /* PTSettingViewController.xib in Resources */,
				5828B82820F4AB7B005A736E /* PTMainViewController.xib in Resources */,
				5828B7CB20F49FCF005A736E /* PTRootViewController.xib in Resources */,
				5828B80720F4AB71005A736E /* PTPlacePopupView.xib in Resources */,
				5828B80E20F4AB71005A736E /* PTRecommendViewController.xib in Resources */,
				5828B81420F4AB71005A736E /* PTKakaoLocationSearchViewController.xib in Resources */,
			);
			runOnlyForDeploymentPostprocessing = 0;
		};
/* End PBXResourcesBuildPhase section */

/* Begin PBXShellScriptBuildPhase section */
		60CCE4594AFEA0E58ABEFC50 /* [CP] Check Pods Manifest.lock */ = {
			isa = PBXShellScriptBuildPhase;
			buildActionMask = 2147483647;
			files = (
			);
			inputPaths = (
				"${PODS_PODFILE_DIR_PATH}/Podfile.lock",
				"${PODS_ROOT}/Manifest.lock",
			);
			name = "[CP] Check Pods Manifest.lock";
			outputPaths = (
				"$(DERIVED_FILE_DIR)/Pods-wwg-checkManifestLockResult.txt",
			);
			runOnlyForDeploymentPostprocessing = 0;
			shellPath = /bin/sh;
			shellScript = "diff \"${PODS_PODFILE_DIR_PATH}/Podfile.lock\" \"${PODS_ROOT}/Manifest.lock\" > /dev/null\nif [ $? != 0 ] ; then\n    # print error to STDERR\n    echo \"error: The sandbox is not in sync with the Podfile.lock. Run 'pod install' or update your CocoaPods installation.\" >&2\n    exit 1\nfi\n# This output is used by Xcode 'outputs' to avoid re-running this script phase.\necho \"SUCCESS\" > \"${SCRIPT_OUTPUT_FILE_0}\"\n";
			showEnvVarsInLog = 0;
		};
		662B19F4CB4D67AE32EDB8A6 /* [CP] Copy Pods Resources */ = {
			isa = PBXShellScriptBuildPhase;
			buildActionMask = 2147483647;
			files = (
			);
			inputPaths = (
				"${SRCROOT}/Pods/Target Support Files/Pods-wwg/Pods-wwg-resources.sh",
				"${PODS_ROOT}/GoogleMaps/Maps/Frameworks/GoogleMaps.framework/Resources/GoogleMaps.bundle",
				"${PODS_ROOT}/GooglePlacePicker/Frameworks/GooglePlacePicker.framework/Resources/GooglePlacePicker.bundle",
				"${PODS_ROOT}/GooglePlaces/Frameworks/GooglePlaces.framework/Resources/GooglePlaces.bundle",
			);
			name = "[CP] Copy Pods Resources";
			outputPaths = (
				"${TARGET_BUILD_DIR}/${UNLOCALIZED_RESOURCES_FOLDER_PATH}/GoogleMaps.bundle",
				"${TARGET_BUILD_DIR}/${UNLOCALIZED_RESOURCES_FOLDER_PATH}/GooglePlacePicker.bundle",
				"${TARGET_BUILD_DIR}/${UNLOCALIZED_RESOURCES_FOLDER_PATH}/GooglePlaces.bundle",
			);
			runOnlyForDeploymentPostprocessing = 0;
			shellPath = /bin/sh;
			shellScript = "\"${SRCROOT}/Pods/Target Support Files/Pods-wwg/Pods-wwg-resources.sh\"\n";
			showEnvVarsInLog = 0;
		};
		DF03CCECEED3EC25F99AB5C3 /* [CP] Embed Pods Frameworks */ = {
			isa = PBXShellScriptBuildPhase;
			buildActionMask = 2147483647;
			files = (
			);
			inputPaths = (
				"${SRCROOT}/Pods/Target Support Files/Pods-wwg/Pods-wwg-frameworks.sh",
				"${BUILT_PRODUCTS_DIR}/Alamofire/Alamofire.framework",
				"${BUILT_PRODUCTS_DIR}/AlamofireNetworkActivityLogger/AlamofireNetworkActivityLogger.framework",
				"${BUILT_PRODUCTS_DIR}/ReachabilitySwift/Reachability.framework",
				"${BUILT_PRODUCTS_DIR}/Realm/Realm.framework",
				"${BUILT_PRODUCTS_DIR}/RealmSwift/RealmSwift.framework",
				"${BUILT_PRODUCTS_DIR}/SnapKit/SnapKit.framework",
				"${BUILT_PRODUCTS_DIR}/SwiftKeychainWrapper/SwiftKeychainWrapper.framework",
			);
			name = "[CP] Embed Pods Frameworks";
			outputPaths = (
				"${TARGET_BUILD_DIR}/${FRAMEWORKS_FOLDER_PATH}/Alamofire.framework",
				"${TARGET_BUILD_DIR}/${FRAMEWORKS_FOLDER_PATH}/AlamofireNetworkActivityLogger.framework",
				"${TARGET_BUILD_DIR}/${FRAMEWORKS_FOLDER_PATH}/Reachability.framework",
				"${TARGET_BUILD_DIR}/${FRAMEWORKS_FOLDER_PATH}/Realm.framework",
				"${TARGET_BUILD_DIR}/${FRAMEWORKS_FOLDER_PATH}/RealmSwift.framework",
				"${TARGET_BUILD_DIR}/${FRAMEWORKS_FOLDER_PATH}/SnapKit.framework",
				"${TARGET_BUILD_DIR}/${FRAMEWORKS_FOLDER_PATH}/SwiftKeychainWrapper.framework",
			);
			runOnlyForDeploymentPostprocessing = 0;
			shellPath = /bin/sh;
			shellScript = "\"${SRCROOT}/Pods/Target Support Files/Pods-wwg/Pods-wwg-frameworks.sh\"\n";
			showEnvVarsInLog = 0;
		};
/* End PBXShellScriptBuildPhase section */

/* Begin PBXSourcesBuildPhase section */
		5828B7AA20F47B84005A736E /* Sources */ = {
			isa = PBXSourcesBuildPhase;
			buildActionMask = 2147483647;
			files = (
				5828B81720F4AB71005A736E /* PTPOItem.swift in Sources */,
				5828B82620F4AB7B005A736E /* PTMainViewController.swift in Sources */,
				5828B7FC20F4AB71005A736E /* PTAnimation.swift in Sources */,
				5828B81020F4AB71005A736E /* PTFeedViewController.swift in Sources */,
				5828B7BA20F47B84005A736E /* wwg.xcdatamodeld in Sources */,
				5828B81B20F4AB71005A736E /* PTLocationManager.swift in Sources */,
				5828B81120F4AB71005A736E /* PTRecommendViewController.swift in Sources */,
				5828B82720F4AB7B005A736E /* PTLoginViewController.swift in Sources */,
				5828B81920F4AB71005A736E /* PTUser.swift in Sources */,
				5828B7FD20F4AB71005A736E /* PTDeviceInfo.swift in Sources */,
				5828B80620F4AB71005A736E /* PTPlacePopupView.swift in Sources */,
				5828B7FF20F4AB71005A736E /* PTGeometry.swift in Sources */,
				5828B80220F4AB71005A736E /* PTLoginObjects.swift in Sources */,
				5828B80020F4AB71005A736E /* PTXibView.swift in Sources */,
				5828B81F20F4AB71005A736E /* PTNetworkManager.swift in Sources */,
				5828B7CA20F49FCF005A736E /* PTRootViewController.swift in Sources */,
				5828B80B20F4AB71005A736E /* PTWebDownloader.swift in Sources */,
				5828B82020F4AB71005A736E /* PTKeychainManager.swift in Sources */,
				5828B80820F4AB71005A736E /* PTSessionManager.swift in Sources */,
				5828B7FE20F4AB71005A736E /* PTUtility.swift in Sources */,
				5828B81520F4AB71005A736E /* PTKakaoLocationSearchViewController.swift in Sources */,
				5828B81E20F4AB71005A736E /* PTDBManager.swift in Sources */,
				5828B80120F4AB71005A736E /* PTColor.swift in Sources */,
				5828B80A20F4AB71005A736E /* PTApiResponse.swift in Sources */,
				5828B81820F4AB71005A736E /* PTPlace.swift in Sources */,
				5828B80920F4AB71005A736E /* PTApiRequest.swift in Sources */,
				5828B81D20F4AB71005A736E /* PTUserManager.swift in Sources */,
				5828B80420F4AB71005A736E /* PTPopupViewController.swift in Sources */,
				5828B80320F4AB71005A736E /* PTPopupViewManager.swift in Sources */,
				5828B80C20F4AB71005A736E /* PTApiObserver.swift in Sources */,
				5828B81C20F4AB71005A736E /* PTCoredataManager.swift in Sources */,
				5828B80F20F4AB71005A736E /* PTSettingViewController.swift in Sources */,
				5828B82120F4AB71005A736E /* PTLoginManager.swift in Sources */,
				5828B81620F4AB71005A736E /* PTModel.swift in Sources */,
				5828B80D20F4AB71005A736E /* PTWebRequest.swift in Sources */,
				5828B7B220F47B84005A736E /* AppDelegate.swift in Sources */,
				5828B81A20F4AB71005A736E /* PTAuthManager.swift in Sources */,
			);
			runOnlyForDeploymentPostprocessing = 0;
		};
/* End PBXSourcesBuildPhase section */

/* Begin PBXVariantGroup section */
		5828B7BD20F47B85005A736E /* LaunchScreen.storyboard */ = {
			isa = PBXVariantGroup;
			children = (
				5828B7BE20F47B85005A736E /* Base */,
			);
			name = LaunchScreen.storyboard;
			sourceTree = "<group>";
		};
/* End PBXVariantGroup section */

/* Begin XCBuildConfiguration section */
		5828B7C120F47B85005A736E /* Debug */ = {
			isa = XCBuildConfiguration;
			buildSettings = {
				ALWAYS_SEARCH_USER_PATHS = NO;
				CLANG_ANALYZER_NONNULL = YES;
				CLANG_ANALYZER_NUMBER_OBJECT_CONVERSION = YES_AGGRESSIVE;
				CLANG_CXX_LANGUAGE_STANDARD = "gnu++14";
				CLANG_CXX_LIBRARY = "libc++";
				CLANG_ENABLE_MODULES = YES;
				CLANG_ENABLE_OBJC_ARC = YES;
				CLANG_ENABLE_OBJC_WEAK = YES;
				CLANG_WARN_BLOCK_CAPTURE_AUTORELEASING = YES;
				CLANG_WARN_BOOL_CONVERSION = YES;
				CLANG_WARN_COMMA = YES;
				CLANG_WARN_CONSTANT_CONVERSION = YES;
				CLANG_WARN_DEPRECATED_OBJC_IMPLEMENTATIONS = YES;
				CLANG_WARN_DIRECT_OBJC_ISA_USAGE = YES_ERROR;
				CLANG_WARN_DOCUMENTATION_COMMENTS = YES;
				CLANG_WARN_EMPTY_BODY = YES;
				CLANG_WARN_ENUM_CONVERSION = YES;
				CLANG_WARN_INFINITE_RECURSION = YES;
				CLANG_WARN_INT_CONVERSION = YES;
				CLANG_WARN_NON_LITERAL_NULL_CONVERSION = YES;
				CLANG_WARN_OBJC_IMPLICIT_RETAIN_SELF = YES;
				CLANG_WARN_OBJC_LITERAL_CONVERSION = YES;
				CLANG_WARN_OBJC_ROOT_CLASS = YES_ERROR;
				CLANG_WARN_RANGE_LOOP_ANALYSIS = YES;
				CLANG_WARN_STRICT_PROTOTYPES = YES;
				CLANG_WARN_SUSPICIOUS_MOVE = YES;
				CLANG_WARN_UNGUARDED_AVAILABILITY = YES_AGGRESSIVE;
				CLANG_WARN_UNREACHABLE_CODE = YES;
				CLANG_WARN__DUPLICATE_METHOD_MATCH = YES;
				CODE_SIGN_IDENTITY = "iPhone Developer";
				COPY_PHASE_STRIP = NO;
				DEBUG_INFORMATION_FORMAT = dwarf;
				ENABLE_STRICT_OBJC_MSGSEND = YES;
				ENABLE_TESTABILITY = YES;
				GCC_C_LANGUAGE_STANDARD = gnu11;
				GCC_DYNAMIC_NO_PIC = NO;
				GCC_NO_COMMON_BLOCKS = YES;
				GCC_OPTIMIZATION_LEVEL = 0;
				GCC_PREPROCESSOR_DEFINITIONS = (
					"DEBUG=1",
					"$(inherited)",
				);
				GCC_WARN_64_TO_32_BIT_CONVERSION = YES;
				GCC_WARN_ABOUT_RETURN_TYPE = YES_ERROR;
				GCC_WARN_UNDECLARED_SELECTOR = YES;
				GCC_WARN_UNINITIALIZED_AUTOS = YES_AGGRESSIVE;
				GCC_WARN_UNUSED_FUNCTION = YES;
				GCC_WARN_UNUSED_VARIABLE = YES;
				IPHONEOS_DEPLOYMENT_TARGET = 11.4;
				MTL_ENABLE_DEBUG_INFO = YES;
				ONLY_ACTIVE_ARCH = YES;
				SDKROOT = iphoneos;
				SWIFT_ACTIVE_COMPILATION_CONDITIONS = DEBUG;
				SWIFT_OPTIMIZATION_LEVEL = "-Onone";
			};
			name = Debug;
		};
		5828B7C220F47B85005A736E /* Release */ = {
			isa = XCBuildConfiguration;
			buildSettings = {
				ALWAYS_SEARCH_USER_PATHS = NO;
				CLANG_ANALYZER_NONNULL = YES;
				CLANG_ANALYZER_NUMBER_OBJECT_CONVERSION = YES_AGGRESSIVE;
				CLANG_CXX_LANGUAGE_STANDARD = "gnu++14";
				CLANG_CXX_LIBRARY = "libc++";
				CLANG_ENABLE_MODULES = YES;
				CLANG_ENABLE_OBJC_ARC = YES;
				CLANG_ENABLE_OBJC_WEAK = YES;
				CLANG_WARN_BLOCK_CAPTURE_AUTORELEASING = YES;
				CLANG_WARN_BOOL_CONVERSION = YES;
				CLANG_WARN_COMMA = YES;
				CLANG_WARN_CONSTANT_CONVERSION = YES;
				CLANG_WARN_DEPRECATED_OBJC_IMPLEMENTATIONS = YES;
				CLANG_WARN_DIRECT_OBJC_ISA_USAGE = YES_ERROR;
				CLANG_WARN_DOCUMENTATION_COMMENTS = YES;
				CLANG_WARN_EMPTY_BODY = YES;
				CLANG_WARN_ENUM_CONVERSION = YES;
				CLANG_WARN_INFINITE_RECURSION = YES;
				CLANG_WARN_INT_CONVERSION = YES;
				CLANG_WARN_NON_LITERAL_NULL_CONVERSION = YES;
				CLANG_WARN_OBJC_IMPLICIT_RETAIN_SELF = YES;
				CLANG_WARN_OBJC_LITERAL_CONVERSION = YES;
				CLANG_WARN_OBJC_ROOT_CLASS = YES_ERROR;
				CLANG_WARN_RANGE_LOOP_ANALYSIS = YES;
				CLANG_WARN_STRICT_PROTOTYPES = YES;
				CLANG_WARN_SUSPICIOUS_MOVE = YES;
				CLANG_WARN_UNGUARDED_AVAILABILITY = YES_AGGRESSIVE;
				CLANG_WARN_UNREACHABLE_CODE = YES;
				CLANG_WARN__DUPLICATE_METHOD_MATCH = YES;
				CODE_SIGN_IDENTITY = "iPhone Developer";
				COPY_PHASE_STRIP = NO;
				DEBUG_INFORMATION_FORMAT = "dwarf-with-dsym";
				ENABLE_NS_ASSERTIONS = NO;
				ENABLE_STRICT_OBJC_MSGSEND = YES;
				GCC_C_LANGUAGE_STANDARD = gnu11;
				GCC_NO_COMMON_BLOCKS = YES;
				GCC_WARN_64_TO_32_BIT_CONVERSION = YES;
				GCC_WARN_ABOUT_RETURN_TYPE = YES_ERROR;
				GCC_WARN_UNDECLARED_SELECTOR = YES;
				GCC_WARN_UNINITIALIZED_AUTOS = YES_AGGRESSIVE;
				GCC_WARN_UNUSED_FUNCTION = YES;
				GCC_WARN_UNUSED_VARIABLE = YES;
				IPHONEOS_DEPLOYMENT_TARGET = 11.4;
				MTL_ENABLE_DEBUG_INFO = NO;
				SDKROOT = iphoneos;
				SWIFT_COMPILATION_MODE = wholemodule;
				SWIFT_OPTIMIZATION_LEVEL = "-O";
				VALIDATE_PRODUCT = YES;
			};
			name = Release;
		};
		5828B7C420F47B85005A736E /* Debug */ = {
			isa = XCBuildConfiguration;
			baseConfigurationReference = FC4D8100739B686C8E34D390 /* Pods-wwg.debug.xcconfig */;
			buildSettings = {
				ASSETCATALOG_COMPILER_APPICON_NAME = AppIcon;
				CLANG_ENABLE_MODULES = YES;
				CODE_SIGN_STYLE = Automatic;
				DEVELOPMENT_TEAM = 5U6U4939FH;
				FRAMEWORK_SEARCH_PATHS = (
					"$(inherited)",
					"$(PROJECT_DIR)/wwg/Frameworks",
				);
				INFOPLIST_FILE = wwg/Info.plist;
				LD_RUNPATH_SEARCH_PATHS = (
					"$(inherited)",
					"@executable_path/Frameworks",
				);
				PRODUCT_BUNDLE_IDENTIFIER = com.dewey.wwg;
				PRODUCT_NAME = "$(TARGET_NAME)";
				SWIFT_OBJC_BRIDGING_HEADER = "wwg/wwg-Bridging-Header.h";
				SWIFT_OPTIMIZATION_LEVEL = "-Onone";
				SWIFT_VERSION = 4.0;
				TARGETED_DEVICE_FAMILY = "1,2";
			};
			name = Debug;
		};
		5828B7C520F47B85005A736E /* Release */ = {
			isa = XCBuildConfiguration;
			baseConfigurationReference = 1880AB18C62CAB700180F221 /* Pods-wwg.release.xcconfig */;
			buildSettings = {
				ASSETCATALOG_COMPILER_APPICON_NAME = AppIcon;
				CLANG_ENABLE_MODULES = YES;
				CODE_SIGN_STYLE = Automatic;
				DEVELOPMENT_TEAM = 5U6U4939FH;
				FRAMEWORK_SEARCH_PATHS = (
					"$(inherited)",
					"$(PROJECT_DIR)/wwg/Frameworks",
				);
				INFOPLIST_FILE = wwg/Info.plist;
				LD_RUNPATH_SEARCH_PATHS = (
					"$(inherited)",
					"@executable_path/Frameworks",
				);
				PRODUCT_BUNDLE_IDENTIFIER = com.dewey.wwg;
				PRODUCT_NAME = "$(TARGET_NAME)";
				SWIFT_OBJC_BRIDGING_HEADER = "wwg/wwg-Bridging-Header.h";
				SWIFT_VERSION = 4.0;
				TARGETED_DEVICE_FAMILY = "1,2";
			};
			name = Release;
		};
/* End XCBuildConfiguration section */

/* Begin XCConfigurationList section */
		5828B7A920F47B84005A736E /* Build configuration list for PBXProject "wwg" */ = {
			isa = XCConfigurationList;
			buildConfigurations = (
				5828B7C120F47B85005A736E /* Debug */,
				5828B7C220F47B85005A736E /* Release */,
			);
			defaultConfigurationIsVisible = 0;
			defaultConfigurationName = Release;
		};
		5828B7C320F47B85005A736E /* Build configuration list for PBXNativeTarget "wwg" */ = {
			isa = XCConfigurationList;
			buildConfigurations = (
				5828B7C420F47B85005A736E /* Debug */,
				5828B7C520F47B85005A736E /* Release */,
			);
			defaultConfigurationIsVisible = 0;
			defaultConfigurationName = Release;
		};
/* End XCConfigurationList section */

/* Begin XCVersionGroup section */
		5828B7B820F47B84005A736E /* wwg.xcdatamodeld */ = {
			isa = XCVersionGroup;
			children = (
				5828B7B920F47B84005A736E /* wwg.xcdatamodel */,
			);
			currentVersion = 5828B7B920F47B84005A736E /* wwg.xcdatamodel */;
			path = wwg.xcdatamodeld;
			sourceTree = "<group>";
			versionGroupType = wrapper.xcdatamodel;
		};
/* End XCVersionGroup section */
	};
	rootObject = 5828B7A620F47B84005A736E /* Project object */;
}
